
Microsoft Visual Studio Solution File, Format Version 12.00
# Visual Studio Version 17
VisualStudioVersion = 17.5.33530.505
MinimumVisualStudioVersion = 10.0.40219.1
Project("{FAE04EC0-301F-11D3-BF4B-00C04F79EFBC}") = "Regular", "Regular\Regular.csproj", "{5B224031-9A6E-44F9-8286-2A63A346293E}"
EndProject
Global
	GlobalSection(SolutionConfigurationPlatforms) = preSolution
		Debug|Any CPU = Debug|Any CPU
		Release|Any CPU = Release|Any CPU
	EndGlobalSection
	GlobalSection(ProjectConfigurationPlatforms) = postSolution
		{5B224031-9A6E-44F9-8286-2A63A346293E}.Debug|Any CPU.ActiveCfg = Debug|Any CPU
		{5B224031-9A6E-44F9-8286-2A63A346293E}.Debug|Any CPU.Build.0 = Debug|Any CPU
		{5B224031-9A6E-44F9-8286-2A63A346293E}.Release|Any CPU.ActiveCfg = Release|Any CPU
		{5B224031-9A6E-44F9-8286-2A63A346293E}.Release|Any CPU.Build.0 = Release|Any CPU
	EndGlobalSection
	GlobalSection(SolutionProperties) = preSolution
		HideSolutionNode = FALSE
	EndGlobalSection
	GlobalSection(ExtensibilityGlobals) = postSolution
		SolutionGuid = {C58DC9DB-9F69-481D-8904-C63DC5394A88}
	EndGlobalSection
EndGlobal
